
Microsoft Visual Studio Solution File, Format Version 12.00
# Visual Studio for Mac
Project("{FAE04EC0-301F-11D3-BF4B-00C04F79EFBC}") = "Assembly-CSharp", "Assembly-CSharp.csproj", "{C9900E98-A63D-0522-C79D-6228823C21E5}"
EndProject
Global
	GlobalSection(SolutionConfigurationPlatforms) = preSolution
		Debug|Any CPU = Debug|Any CPU
		Release|Any CPU = Release|Any CPU
	EndGlobalSection
	GlobalSection(ProjectConfigurationPlatforms) = postSolution
		{C9900E98-A63D-0522-C79D-6228823C21E5}.Debug|Any CPU.ActiveCfg = Debug|Any CPU
		{C9900E98-A63D-0522-C79D-6228823C21E5}.Debug|Any CPU.Build.0 = Debug|Any CPU
		{C9900E98-A63D-0522-C79D-6228823C21E5}.Release|Any CPU.ActiveCfg = Release|Any CPU
		{C9900E98-A63D-0522-C79D-6228823C21E5}.Release|Any CPU.Build.0 = Release|Any CPU
	EndGlobalSection
	GlobalSection(SolutionProperties) = preSolution
		HideSolutionNode = FALSE
	EndGlobalSection
EndGlobal
